
Microsoft Visual Studio Solution File, Format Version 12.00
# Visual Studio Version 17
VisualStudioVersion = 17.9.34407.89
MinimumVisualStudioVersion = 10.0.40219.1
Project("{FAE04EC0-301F-11D3-BF4B-00C04F79EFBC}") = "MagicVilla_VillaAPI", "MagicVilla_VillaAPI\MagicVilla_VillaAPI.csproj", "{B55E957A-9F7A-47BE-B673-E2C682057B94}"
EndProject
Global
	GlobalSection(SolutionConfigurationPlatforms) = preSolution
		Debug|Any CPU = Debug|Any CPU
		Release|Any CPU = Release|Any CPU
	EndGlobalSection
	GlobalSection(ProjectConfigurationPlatforms) = postSolution
		{B55E957A-9F7A-47BE-B673-E2C682057B94}.Debug|Any CPU.ActiveCfg = Debug|Any CPU
		{B55E957A-9F7A-47BE-B673-E2C682057B94}.Debug|Any CPU.Build.0 = Debug|Any CPU
		{B55E957A-9F7A-47BE-B673-E2C682057B94}.Release|Any CPU.ActiveCfg = Release|Any CPU
		{B55E957A-9F7A-47BE-B673-E2C682057B94}.Release|Any CPU.Build.0 = Release|Any CPU
	EndGlobalSection
	GlobalSection(SolutionProperties) = preSolution
		HideSolutionNode = FALSE
	EndGlobalSection
	GlobalSection(ExtensibilityGlobals) = postSolution
		SolutionGuid = {0CAA3EFC-BFF8-409C-9F2C-7658B4116286}
	EndGlobalSection
EndGlobal
